
Microsoft Visual Studio Solution File, Format Version 12.00
# Visual Studio Version 17
VisualStudioVersion = 17.5.33516.290
MinimumVisualStudioVersion = 10.0.40219.1
Project("{FAE04EC0-301F-11D3-BF4B-00C04F79EFBC}") = "Login & Registration System", "Login & Registration System\Login & Registration System.csproj", "{6162EF02-0F94-4DD8-A9EE-297EAF776221}"
EndProject
Global
	GlobalSection(SolutionConfigurationPlatforms) = preSolution
		Debug|Any CPU = Debug|Any CPU
		Release|Any CPU = Release|Any CPU
	EndGlobalSection
	GlobalSection(ProjectConfigurationPlatforms) = postSolution
		{6162EF02-0F94-4DD8-A9EE-297EAF776221}.Debug|Any CPU.ActiveCfg = Debug|Any CPU
		{6162EF02-0F94-4DD8-A9EE-297EAF776221}.Debug|Any CPU.Build.0 = Debug|Any CPU
		{6162EF02-0F94-4DD8-A9EE-297EAF776221}.Release|Any CPU.ActiveCfg = Release|Any CPU
		{6162EF02-0F94-4DD8-A9EE-297EAF776221}.Release|Any CPU.Build.0 = Release|Any CPU
	EndGlobalSection
	GlobalSection(SolutionProperties) = preSolution
		HideSolutionNode = FALSE
	EndGlobalSection
	GlobalSection(ExtensibilityGlobals) = postSolution
		SolutionGuid = {ADEE8D04-961D-4331-97D4-91C9558E213E}
	EndGlobalSection
EndGlobal
